
Microsoft Visual Studio Solution File, Format Version 12.00
# Visual Studio Version 17
VisualStudioVersion = 17.8.34525.116
MinimumVisualStudioVersion = 10.0.40219.1
Project("{FAE04EC0-301F-11D3-BF4B-00C04F79EFBC}") = "BackEnd", "BackEnd.csproj", "{494D2C04-1BFD-4493-BD4E-7D5D608BE16F}"
EndProject
Project("{FAE04EC0-301F-11D3-BF4B-00C04F79EFBC}") = "TwitchApi", "..\TwitchApi\TwitchApi.csproj", "{F4750F44-8BC1-4719-890E-92CB43DCB9F5}"
EndProject
Global
	GlobalSection(SolutionConfigurationPlatforms) = preSolution
		Debug|Any CPU = Debug|Any CPU
		Release|Any CPU = Release|Any CPU
	EndGlobalSection
	GlobalSection(ProjectConfigurationPlatforms) = postSolution
		{494D2C04-1BFD-4493-BD4E-7D5D608BE16F}.Debug|Any CPU.ActiveCfg = Debug|Any CPU
		{494D2C04-1BFD-4493-BD4E-7D5D608BE16F}.Debug|Any CPU.Build.0 = Debug|Any CPU
		{494D2C04-1BFD-4493-BD4E-7D5D608BE16F}.Release|Any CPU.ActiveCfg = Release|Any CPU
		{494D2C04-1BFD-4493-BD4E-7D5D608BE16F}.Release|Any CPU.Build.0 = Release|Any CPU
		{F4750F44-8BC1-4719-890E-92CB43DCB9F5}.Debug|Any CPU.ActiveCfg = Debug|Any CPU
		{F4750F44-8BC1-4719-890E-92CB43DCB9F5}.Debug|Any CPU.Build.0 = Debug|Any CPU
		{F4750F44-8BC1-4719-890E-92CB43DCB9F5}.Release|Any CPU.ActiveCfg = Release|Any CPU
		{F4750F44-8BC1-4719-890E-92CB43DCB9F5}.Release|Any CPU.Build.0 = Release|Any CPU
	EndGlobalSection
	GlobalSection(SolutionProperties) = preSolution
		HideSolutionNode = FALSE
	EndGlobalSection
	GlobalSection(ExtensibilityGlobals) = postSolution
		SolutionGuid = {5ECDFE2B-376D-4E8E-AEBD-358FF1EE7B78}
	EndGlobalSection
EndGlobal
